{
  "name": "@karthikbalasubramanian/paperplanes",
  "version": "1.0.0",
  "lockfileVersion": 3,
  "requires": true,
  "packages": {
    "": {
      "name": "@karthikbalasubramanian/paperplanes",
      "version": "1.0.0",
      "license": "ISC",
      "dependencies": {
        "zod": "^3.25.23"
      }
    },
    "node_modules/zod": {
      "version": "3.25.23",
      "resolved": "https://registry.npmjs.org/zod/-/zod-3.25.23.tgz",
      "integrity": "sha512-Od2bdMosahjSrSgJtakrwjMDb1zM1A3VIHCPGveZt/3/wlrTWBya2lmEh2OYe4OIu8mPTmmr0gnLHIWQXdtWBg==",
      "license": "MIT",
      "funding": {
        "url": "https://github.com/sponsors/colinhacks"
      }
    }
  }
}
